// !$*UTF8*$!
{
	archiveVersion = 1;
	classes = {
	};
	objectVersion = 50;
	objects = {

/* Begin PBXBuildFile section */
		D21F4D14254342EA00DEB153 /* AppDelegate.swift in Sources */ = {isa = PBXBuildFile; fileRef = D21F4D13254342EA00DEB153 /* AppDelegate.swift */; };
		D21F4D16254342EA00DEB153 /* SceneDelegate.swift in Sources */ = {isa = PBXBuildFile; fileRef = D21F4D15254342EA00DEB153 /* SceneDelegate.swift */; };
		D21F4D18254342EA00DEB153 /* ContentView.swift in Sources */ = {isa = PBXBuildFile; fileRef = D21F4D17254342EA00DEB153 /* ContentView.swift */; };
		D21F4D1A254342EC00DEB153 /* Assets.xcassets in Resources */ = {isa = PBXBuildFile; fileRef = D21F4D19254342EC00DEB153 /* Assets.xcassets */; };
		D21F4D1D254342EC00DEB153 /* Preview Assets.xcassets in Resources */ = {isa = PBXBuildFile; fileRef = D21F4D1C254342EC00DEB153 /* Preview Assets.xcassets */; };
		D21F4D20254342EC00DEB153 /* LaunchScreen.storyboard in Resources */ = {isa = PBXBuildFile; fileRef = D21F4D1E254342EC00DEB153 /* LaunchScreen.storyboard */; };
		D21F4D2B254342EC00DEB153 /* Temperature_Converter_SwiftUITests.swift in Sources */ = {isa = PBXBuildFile; fileRef = D21F4D2A254342EC00DEB153 /* Temperature_Converter_SwiftUITests.swift */; };
/* End PBXBuildFile section */

/* Begin PBXContainerItemProxy section */
		D21F4D27254342EC00DEB153 /* PBXContainerItemProxy */ = {
			isa = PBXContainerItemProxy;
			containerPortal = D21F4D08254342EA00DEB153 /* Project object */;
			proxyType = 1;
			remoteGlobalIDString = D21F4D0F254342EA00DEB153;
			remoteInfo = "Temperature Converter SwiftUI";
		};
/* End PBXContainerItemProxy section */

/* Begin PBXFileReference section */
		D21F4D10254342EA00DEB153 /* Temperature Converter SwiftUI.app */ = {isa = PBXFileReference; explicitFileType = wrapper.application; includeInIndex = 0; path = "Temperature Converter SwiftUI.app"; sourceTree = BUILT_PRODUCTS_DIR; };
		D21F4D13254342EA00DEB153 /* AppDelegate.swift */ = {isa = PBXFileReference; lastKnownFileType = sourcecode.swift; path = AppDelegate.swift; sourceTree = "<group>"; };
		D21F4D15254342EA00DEB153 /* SceneDelegate.swift */ = {isa = PBXFileReference; lastKnownFileType = sourcecode.swift; path = SceneDelegate.swift; sourceTree = "<group>"; };
		D21F4D17254342EA00DEB153 /* ContentView.swift */ = {isa = PBXFileReference; lastKnownFileType = sourcecode.swift; path = ContentView.swift; sourceTree = "<group>"; };
		D21F4D19254342EC00DEB153 /* Assets.xcassets */ = {isa = PBXFileReference; lastKnownFileType = folder.assetcatalog; path = Assets.xcassets; sourceTree = "<group>"; };
		D21F4D1C254342EC00DEB153 /* Preview Assets.xcassets */ = {isa = PBXFileReference; lastKnownFileType = folder.assetcatalog; path = "Preview Assets.xcassets"; sourceTree = "<group>"; };
		D21F4D1F254342EC00DEB153 /* Base */ = {isa = PBXFileReference; lastKnownFileType = file.storyboard; name = Base; path = Base.lproj/LaunchScreen.storyboard; sourceTree = "<group>"; };
		D21F4D21254342EC00DEB153 /* Info.plist */ = {isa = PBXFileReference; lastKnownFileType = text.plist.xml; path = Info.plist; sourceTree = "<group>"; };
		D21F4D26254342EC00DEB153 /* Temperature Converter SwiftUITests.xctest */ = {isa = PBXFileReference; explicitFileType = wrapper.cfbundle; includeInIndex = 0; path = "Temperature Converter SwiftUITests.xctest"; sourceTree = BUILT_PRODUCTS_DIR; };
		D21F4D2A254342EC00DEB153 /* Temperature_Converter_SwiftUITests.swift */ = {isa = PBXFileReference; lastKnownFileType = sourcecode.swift; path = Temperature_Converter_SwiftUITests.swift; sourceTree = "<group>"; };
		D21F4D2C254342EC00DEB153 /* Info.plist */ = {isa = PBXFileReference; lastKnownFileType = text.plist.xml; path = Info.plist; sourceTree = "<group>"; };
		D21F4D35254342F900DEB153 /* Temperature Converter SwiftUI.entitlements */ = {isa = PBXFileReference; lastKnownFileType = text.plist.entitlements; path = "Temperature Converter SwiftUI.entitlements"; sourceTree = "<group>"; };
/* End PBXFileReference section */

/* Begin PBXFrameworksBuildPhase section */
		D21F4D0D254342EA00DEB153 /* Frameworks */ = {
			isa = PBXFrameworksBuildPhase;
			buildActionMask = 2147483647;
			files = (
			);
			runOnlyForDeploymentPostprocessing = 0;
		};
		D21F4D23254342EC00DEB153 /* Frameworks */ = {
			isa = PBXFrameworksBuildPhase;
			buildActionMask = 2147483647;
			files = (
			);
			runOnlyForDeploymentPostprocessing = 0;
		};
/* End PBXFrameworksBuildPhase section */

/* Begin PBXGroup section */
		D21F4D07254342EA00DEB153 = {
			isa = PBXGroup;
			children = (
				D21F4D12254342EA00DEB153 /* Temperature Converter SwiftUI */,
				D21F4D29254342EC00DEB153 /* Temperature Converter SwiftUITests */,
				D21F4D11254342EA00DEB153 /* Products */,
			);
			sourceTree = "<group>";
		};
		D21F4D11254342EA00DEB153 /* Products */ = {
			isa = PBXGroup;
			children = (
				D21F4D10254342EA00DEB153 /* Temperature Converter SwiftUI.app */,
				D21F4D26254342EC00DEB153 /* Temperature Converter SwiftUITests.xctest */,
			);
			name = Products;
			sourceTree = "<group>";
		};
		D21F4D12254342EA00DEB153 /* Temperature Converter SwiftUI */ = {
			isa = PBXGroup;
			children = (
				D21F4D35254342F900DEB153 /* Temperature Converter SwiftUI.entitlements */,
				D21F4D13254342EA00DEB153 /* AppDelegate.swift */,
				D21F4D15254342EA00DEB153 /* SceneDelegate.swift */,
				D21F4D17254342EA00DEB153 /* ContentView.swift */,
				D21F4D19254342EC00DEB153 /* Assets.xcassets */,
				D21F4D1E254342EC00DEB153 /* LaunchScreen.storyboard */,
				D21F4D21254342EC00DEB153 /* Info.plist */,
				D21F4D1B254342EC00DEB153 /* Preview Content */,
			);
			path = "Temperature Converter SwiftUI";
			sourceTree = "<group>";
		};
		D21F4D1B254342EC00DEB153 /* Preview Content */ = {
			isa = PBXGroup;
			children = (
				D21F4D1C254342EC00DEB153 /* Preview Assets.xcassets */,
			);
			path = "Preview Content";
			sourceTree = "<group>";
		};
		D21F4D29254342EC00DEB153 /* Temperature Converter SwiftUITests */ = {
			isa = PBXGroup;
			children = (
				D21F4D2A254342EC00DEB153 /* Temperature_Converter_SwiftUITests.swift */,
				D21F4D2C254342EC00DEB153 /* Info.plist */,
			);
			path = "Temperature Converter SwiftUITests";
			sourceTree = "<group>";
		};
/* End PBXGroup section */

/* Begin PBXNativeTarget section */
		D21F4D0F254342EA00DEB153 /* Temperature Converter SwiftUI */ = {
			isa = PBXNativeTarget;
			buildConfigurationList = D21F4D2F254342EC00DEB153 /* Build configuration list for PBXNativeTarget "Temperature Converter SwiftUI" */;
			buildPhases = (
				D21F4D0C254342EA00DEB153 /* Sources */,
				D21F4D0D254342EA00DEB153 /* Frameworks */,
				D21F4D0E254342EA00DEB153 /* Resources */,
			);
			buildRules = (
			);
			dependencies = (
			);
			name = "Temperature Converter SwiftUI";
			productName = "Temperature Converter SwiftUI";
			productReference = D21F4D10254342EA00DEB153 /* Temperature Converter SwiftUI.app */;
			productType = "com.apple.product-type.application";
		};
		D21F4D25254342EC00DEB153 /* Temperature Converter SwiftUITests */ = {
			isa = PBXNativeTarget;
			buildConfigurationList = D21F4D32254342EC00DEB153 /* Build configuration list for PBXNativeTarget "Temperature Converter SwiftUITests" */;
			buildPhases = (
				D21F4D22254342EC00DEB153 /* Sources */,
				D21F4D23254342EC00DEB153 /* Frameworks */,
				D21F4D24254342EC00DEB153 /* Resources */,
			);
			buildRules = (
			);
			dependencies = (
				D21F4D28254342EC00DEB153 /* PBXTargetDependency */,
			);
			name = "Temperature Converter SwiftUITests";
			productName = "Temperature Converter SwiftUITests";
			productReference = D21F4D26254342EC00DEB153 /* Temperature Converter SwiftUITests.xctest */;
			productType = "com.apple.product-type.bundle.unit-test";
		};
/* End PBXNativeTarget section */

/* Begin PBXProject section */
		D21F4D08254342EA00DEB153 /* Project object */ = {
			isa = PBXProject;
			attributes = {
				LastSwiftUpdateCheck = 1150;
				LastUpgradeCheck = 1210;
				ORGANIZATIONNAME = "Jeff Terry";
				TargetAttributes = {
					D21F4D0F254342EA00DEB153 = {
						CreatedOnToolsVersion = 11.5;
					};
					D21F4D25254342EC00DEB153 = {
						CreatedOnToolsVersion = 11.5;
						TestTargetID = D21F4D0F254342EA00DEB153;
					};
				};
			};
			buildConfigurationList = D21F4D0B254342EA00DEB153 /* Build configuration list for PBXProject "Temperature Converter SwiftUI" */;
			compatibilityVersion = "Xcode 9.3";
			developmentRegion = en;
			hasScannedForEncodings = 0;
			knownRegions = (
				en,
				Base,
			);
			mainGroup = D21F4D07254342EA00DEB153;
			productRefGroup = D21F4D11254342EA00DEB153 /* Products */;
			projectDirPath = "";
			projectRoot = "";
			targets = (
				D21F4D0F254342EA00DEB153 /* Temperature Converter SwiftUI */,
				D21F4D25254342EC00DEB153 /* Temperature Converter SwiftUITests */,
			);
		};
/* End PBXProject section */

/* Begin PBXResourcesBuildPhase section */
		D21F4D0E254342EA00DEB153 /* Resources */ = {
			isa = PBXResourcesBuildPhase;
			buildActionMask = 2147483647;
			files = (
				D21F4D20254342EC00DEB153 /* LaunchScreen.storyboard in Resources */,
				D21F4D1D254342EC00DEB153 /* Preview Assets.xcassets in Resources */,
				D21F4D1A254342EC00DEB153 /* Assets.xcassets in Resources */,
			);
			runOnlyForDeploymentPostprocessing = 0;
		};
		D21F4D24254342EC00DEB153 /* Resources */ = {
			isa = PBXResourcesBuildPhase;
			buildActionMask = 2147483647;
			files = (
			);
			runOnlyForDeploymentPostprocessing = 0;
		};
/* End PBXResourcesBuildPhase section */

/* Begin PBXSourcesBuildPhase section */
		D21F4D0C254342EA00DEB153 /* Sources */ = {
			isa = PBXSourcesBuildPhase;
			buildActionMask = 2147483647;
			files = (
				D21F4D14254342EA00DEB153 /* AppDelegate.swift in Sources */,
				D21F4D16254342EA00DEB153 /* SceneDelegate.swift in Sources */,
				D21F4D18254342EA00DEB153 /* ContentView.swift in Sources */,
			);
			runOnlyForDeploymentPostprocessing = 0;
		};
		D21F4D22254342EC00DEB153 /* Sources */ = {
			isa = PBXSourcesBuildPhase;
			buildActionMask = 2147483647;
			files = (
				D21F4D2B254342EC00DEB153 /* Temperature_Converter_SwiftUITests.swift in Sources */,
			);
			runOnlyForDeploymentPostprocessing = 0;
		};
/* End PBXSourcesBuildPhase section */

/* Begin PBXTargetDependency section */
		D21F4D28254342EC00DEB153 /* PBXTargetDependency */ = {
			isa = PBXTargetDependency;
			target = D21F4D0F254342EA00DEB153 /* Temperature Converter SwiftUI */;
			targetProxy = D21F4D27254342EC00DEB153 /* PBXContainerItemProxy */;
		};
/* End PBXTargetDependency section */

/* Begin PBXVariantGroup section */
		D21F4D1E254342EC00DEB153 /* LaunchScreen.storyboard */ = {
			isa = PBXVariantGroup;
			children = (
				D21F4D1F254342EC00DEB153 /* Base */,
			);
			name = LaunchScreen.storyboard;
			sourceTree = "<group>";
		};
/* End PBXVariantGroup section */

/* Begin XCBuildConfiguration section */
		D21F4D2D254342EC00DEB153 /* Debug */ = {
			isa = XCBuildConfiguration;
			buildSettings = {
				ALWAYS_SEARCH_USER_PATHS = NO;
				CLANG_ANALYZER_NONNULL = YES;
				CLANG_ANALYZER_NUMBER_OBJECT_CONVERSION = YES_AGGRESSIVE;
				CLANG_CXX_LANGUAGE_STANDARD = "gnu++14";
				CLANG_CXX_LIBRARY = "libc++";
				CLANG_ENABLE_MODULES = YES;
				CLANG_ENABLE_OBJC_ARC = YES;
				CLANG_ENABLE_OBJC_WEAK = YES;
				CLANG_WARN_BLOCK_CAPTURE_AUTORELEASING = YES;
				CLANG_WARN_BOOL_CONVERSION = YES;
				CLANG_WARN_COMMA = YES;
				CLANG_WARN_CONSTANT_CONVERSION = YES;
				CLANG_WARN_DEPRECATED_OBJC_IMPLEMENTATIONS = YES;
				CLANG_WARN_DIRECT_OBJC_ISA_USAGE = YES_ERROR;
				CLANG_WARN_DOCUMENTATION_COMMENTS = YES;
				CLANG_WARN_EMPTY_BODY = YES;
				CLANG_WARN_ENUM_CONVERSION = YES;
				CLANG_WARN_INFINITE_RECURSION = YES;
				CLANG_WARN_INT_CONVERSION = YES;
				CLANG_WARN_NON_LITERAL_NULL_CONVERSION = YES;
				CLANG_WARN_OBJC_IMPLICIT_RETAIN_SELF = YES;
				CLANG_WARN_OBJC_LITERAL_CONVERSION = YES;
				CLANG_WARN_OBJC_ROOT_CLASS = YES_ERROR;
				CLANG_WARN_QUOTED_INCLUDE_IN_FRAMEWORK_HEADER = YES;
				CLANG_WARN_RANGE_LOOP_ANALYSIS = YES;
				CLANG_WARN_STRICT_PROTOTYPES = YES;
				CLANG_WARN_SUSPICIOUS_MOVE = YES;
				CLANG_WARN_UNGUARDED_AVAILABILITY = YES_AGGRESSIVE;
				CLANG_WARN_UNREACHABLE_CODE = YES;
				CLANG_WARN__DUPLICATE_METHOD_MATCH = YES;
				COPY_PHASE_STRIP = NO;
				DEBUG_INFORMATION_FORMAT = dwarf;
				ENABLE_STRICT_OBJC_MSGSEND = YES;
				ENABLE_TESTABILITY = YES;
				GCC_C_LANGUAGE_STANDARD = gnu11;
				GCC_DYNAMIC_NO_PIC = NO;
				GCC_NO_COMMON_BLOCKS = YES;
				GCC_OPTIMIZATION_LEVEL = 0;
				GCC_PREPROCESSOR_DEFINITIONS = (
					"DEBUG=1",
					"$(inherited)",
				);
				GCC_WARN_64_TO_32_BIT_CONVERSION = YES;
				GCC_WARN_ABOUT_RETURN_TYPE = YES_ERROR;
				GCC_WARN_UNDECLARED_SELECTOR = YES;
				GCC_WARN_UNINITIALIZED_AUTOS = YES_AGGRESSIVE;
				GCC_WARN_UNUSED_FUNCTION = YES;
				GCC_WARN_UNUSED_VARIABLE = YES;
				IPHONEOS_DEPLOYMENT_TARGET = 13.5;
				MTL_ENABLE_DEBUG_INFO = INCLUDE_SOURCE;
				MTL_FAST_MATH = YES;
				ONLY_ACTIVE_ARCH = YES;
				SDKROOT = iphoneos;
				SWIFT_ACTIVE_COMPILATION_CONDITIONS = DEBUG;
				SWIFT_OPTIMIZATION_LEVEL = "-Onone";
			};
			name = Debug;
		};
		D21F4D2E254342EC00DEB153 /* Release */ = {
			isa = XCBuildConfiguration;
			buildSettings = {
				ALWAYS_SEARCH_USER_PATHS = NO;
				CLANG_ANALYZER_NONNULL = YES;
				CLANG_ANALYZER_NUMBER_OBJECT_CONVERSION = YES_AGGRESSIVE;
				CLANG_CXX_LANGUAGE_STANDARD = "gnu++14";
				CLANG_CXX_LIBRARY = "libc++";
				CLANG_ENABLE_MODULES = YES;
				CLANG_ENABLE_OBJC_ARC = YES;
				CLANG_ENABLE_OBJC_WEAK = YES;
				CLANG_WARN_BLOCK_CAPTURE_AUTORELEASING = YES;
				CLANG_WARN_BOOL_CONVERSION = YES;
				CLANG_WARN_COMMA = YES;
				CLANG_WARN_CONSTANT_CONVERSION = YES;
				CLANG_WARN_DEPRECATED_OBJC_IMPLEMENTATIONS = YES;
				CLANG_WARN_DIRECT_OBJC_ISA_USAGE = YES_ERROR;
				CLANG_WARN_DOCUMENTATION_COMMENTS = YES;
				CLANG_WARN_EMPTY_BODY = YES;
				CLANG_WARN_ENUM_CONVERSION = YES;
				CLANG_WARN_INFINITE_RECURSION = YES;
				CLANG_WARN_INT_CONVERSION = YES;
				CLANG_WARN_NON_LITERAL_NULL_CONVERSION = YES;
				CLANG_WARN_OBJC_IMPLICIT_RETAIN_SELF = YES;
				CLANG_WARN_OBJC_LITERAL_CONVERSION = YES;
				CLANG_WARN_OBJC_ROOT_CLASS = YES_ERROR;
				CLANG_WARN_QUOTED_INCLUDE_IN_FRAMEWORK_HEADER = YES;
				CLANG_WARN_RANGE_LOOP_ANALYSIS = YES;
				CLANG_WARN_STRICT_PROTOTYPES = YES;
				CLANG_WARN_SUSPICIOUS_MOVE = YES;
				CLANG_WARN_UNGUARDED_AVAILABILITY = YES_AGGRESSIVE;
				CLANG_WARN_UNREACHABLE_CODE = YES;
				CLANG_WARN__DUPLICATE_METHOD_MATCH = YES;
				COPY_PHASE_STRIP = NO;
				DEBUG_INFORMATION_FORMAT = "dwarf-with-dsym";
				ENABLE_NS_ASSERTIONS = NO;
				ENABLE_STRICT_OBJC_MSGSEND = YES;
				GCC_C_LANGUAGE_STANDARD = gnu11;
				GCC_NO_COMMON_BLOCKS = YES;
				GCC_WARN_64_TO_32_BIT_CONVERSION = YES;
				GCC_WARN_ABOUT_RETURN_TYPE = YES_ERROR;
				GCC_WARN_UNDECLARED_SELECTOR = YES;
				GCC_WARN_UNINITIALIZED_AUTOS = YES_AGGRESSIVE;
				GCC_WARN_UNUSED_FUNCTION = YES;
				GCC_WARN_UNUSED_VARIABLE = YES;
				IPHONEOS_DEPLOYMENT_TARGET = 13.5;
				MTL_ENABLE_DEBUG_INFO = NO;
				MTL_FAST_MATH = YES;
				SDKROOT = iphoneos;
				SWIFT_COMPILATION_MODE = wholemodule;
				SWIFT_OPTIMIZATION_LEVEL = "-O";
				VALIDATE_PRODUCT = YES;
			};
			name = Release;
		};
		D21F4D30254342EC00DEB153 /* Debug */ = {
			isa = XCBuildConfiguration;
			buildSettings = {
				ASSETCATALOG_COMPILER_APPICON_NAME = AppIcon;
				CODE_SIGN_ENTITLEMENTS = "Temperature Converter SwiftUI/Temperature Converter SwiftUI.entitlements";
				CODE_SIGN_STYLE = Automatic;
				DEVELOPMENT_ASSET_PATHS = "\"Temperature Converter SwiftUI/Preview Content\"";
				DEVELOPMENT_TEAM = V59RVGUYZD;
				ENABLE_PREVIEWS = YES;
				INFOPLIST_FILE = "Temperature Converter SwiftUI/Info.plist";
				"IPHONEOS_DEPLOYMENT_TARGET[sdk=macosx*]" = 13.4;
				LD_RUNPATH_SEARCH_PATHS = (
					"$(inherited)",
					"@executable_path/Frameworks",
				);
				PRODUCT_BUNDLE_IDENTIFIER = "com.jtiit.Temperature-Converter-SwiftUI";
				PRODUCT_NAME = "$(TARGET_NAME)";
				SUPPORTS_MACCATALYST = YES;
				SWIFT_VERSION = 5.0;
				TARGETED_DEVICE_FAMILY = "1,2";
			};
			name = Debug;
		};
		D21F4D31254342EC00DEB153 /* Release */ = {
			isa = XCBuildConfiguration;
			buildSettings = {
				ASSETCATALOG_COMPILER_APPICON_NAME = AppIcon;
				CODE_SIGN_ENTITLEMENTS = "Temperature Converter SwiftUI/Temperature Converter SwiftUI.entitlements";
				CODE_SIGN_STYLE = Automatic;
				DEVELOPMENT_ASSET_PATHS = "\"Temperature Converter SwiftUI/Preview Content\"";
				DEVELOPMENT_TEAM = V59RVGUYZD;
				ENABLE_PREVIEWS = YES;
				INFOPLIST_FILE = "Temperature Converter SwiftUI/Info.plist";
				"IPHONEOS_DEPLOYMENT_TARGET[sdk=macosx*]" = 13.4;
				LD_RUNPATH_SEARCH_PATHS = (
					"$(inherited)",
					"@executable_path/Frameworks",
				);
				PRODUCT_BUNDLE_IDENTIFIER = "com.jtiit.Temperature-Converter-SwiftUI";
				PRODUCT_NAME = "$(TARGET_NAME)";
				SUPPORTS_MACCATALYST = YES;
				SWIFT_VERSION = 5.0;
				TARGETED_DEVICE_FAMILY = "1,2";
			};
			name = Release;
		};
		D21F4D33254342EC00DEB153 /* Debug */ = {
			isa = XCBuildConfiguration;
			buildSettings = {
				ALWAYS_EMBED_SWIFT_STANDARD_LIBRARIES = YES;
				BUNDLE_LOADER = "$(TEST_HOST)";
				CODE_SIGN_STYLE = Automatic;
				DEVELOPMENT_TEAM = V59RVGUYZD;
				INFOPLIST_FILE = "Temperature Converter SwiftUITests/Info.plist";
				IPHONEOS_DEPLOYMENT_TARGET = 13.5;
				LD_RUNPATH_SEARCH_PATHS = (
					"$(inherited)",
					"@executable_path/Frameworks",
					"@loader_path/Frameworks",
				);
				PRODUCT_BUNDLE_IDENTIFIER = "com.jtiit.Temperature-Converter-SwiftUITests";
				PRODUCT_NAME = "$(TARGET_NAME)";
				SWIFT_VERSION = 5.0;
				TARGETED_DEVICE_FAMILY = "1,2";
				TEST_HOST = "$(BUILT_PRODUCTS_DIR)/Temperature Converter SwiftUI.app/Temperature Converter SwiftUI";
			};
			name = Debug;
		};
		D21F4D34254342EC00DEB153 /* Release */ = {
			isa = XCBuildConfiguration;
			buildSettings = {
				ALWAYS_EMBED_SWIFT_STANDARD_LIBRARIES = YES;
				BUNDLE_LOADER = "$(TEST_HOST)";
				CODE_SIGN_STYLE = Automatic;
				DEVELOPMENT_TEAM = V59RVGUYZD;
				INFOPLIST_FILE = "Temperature Converter SwiftUITests/Info.plist";
				IPHONEOS_DEPLOYMENT_TARGET = 13.5;
				LD_RUNPATH_SEARCH_PATHS = (
					"$(inherited)",
					"@executable_path/Frameworks",
					"@loader_path/Frameworks",
				);
				PRODUCT_BUNDLE_IDENTIFIER = "com.jtiit.Temperature-Converter-SwiftUITests";
				PRODUCT_NAME = "$(TARGET_NAME)";
				SWIFT_VERSION = 5.0;
				TARGETED_DEVICE_FAMILY = "1,2";
				TEST_HOST = "$(BUILT_PRODUCTS_DIR)/Temperature Converter SwiftUI.app/Temperature Converter SwiftUI";
			};
			name = Release;
		};
/* End XCBuildConfiguration section */

/* Begin XCConfigurationList section */
		D21F4D0B254342EA00DEB153 /* Build configuration list for PBXProject "Temperature Converter SwiftUI" */ = {
			isa = XCConfigurationList;
			buildConfigurations = (
				D21F4D2D254342EC00DEB153 /* Debug */,
				D21F4D2E254342EC00DEB153 /* Release */,
			);
			defaultConfigurationIsVisible = 0;
			defaultConfigurationName = Release;
		};
		D21F4D2F254342EC00DEB153 /* Build configuration list for PBXNativeTarget "Temperature Converter SwiftUI" */ = {
			isa = XCConfigurationList;
			buildConfigurations = (
				D21F4D30254342EC00DEB153 /* Debug */,
				D21F4D31254342EC00DEB153 /* Release */,
			);
			defaultConfigurationIsVisible = 0;
			defaultConfigurationName = Release;
		};
		D21F4D32254342EC00DEB153 /* Build configuration list for PBXNativeTarget "Temperature Converter SwiftUITests" */ = {
			isa = XCConfigurationList;
			buildConfigurations = (
				D21F4D33254342EC00DEB153 /* Debug */,
				D21F4D34254342EC00DEB153 /* Release */,
			);
			defaultConfigurationIsVisible = 0;
			defaultConfigurationName = Release;
		};
/* End XCConfigurationList section */
	};
	rootObject = D21F4D08254342EA00DEB153 /* Project object */;
}
